
Microsoft Visual Studio Solution File, Format Version 12.00
# Visual Studio Version 16
VisualStudioVersion = 16.0.31515.178
MinimumVisualStudioVersion = 10.0.40219.1
Project("{9A19103F-16F7-4668-BE54-9A1E7A4F7556}") = "TG_Sender", "TG_Sender\TG_Sender.csproj", "{B048CD2F-4E58-4F86-B8D3-1D3C8FC241F9}"
EndProject
Global
	GlobalSection(SolutionConfigurationPlatforms) = preSolution
		Debug|Any CPU = Debug|Any CPU
		Release|Any CPU = Release|Any CPU
	EndGlobalSection
	GlobalSection(ProjectConfigurationPlatforms) = postSolution
		{B048CD2F-4E58-4F86-B8D3-1D3C8FC241F9}.Debug|Any CPU.ActiveCfg = Debug|Any CPU
		{B048CD2F-4E58-4F86-B8D3-1D3C8FC241F9}.Debug|Any CPU.Build.0 = Debug|Any CPU
		{B048CD2F-4E58-4F86-B8D3-1D3C8FC241F9}.Release|Any CPU.ActiveCfg = Release|Any CPU
		{B048CD2F-4E58-4F86-B8D3-1D3C8FC241F9}.Release|Any CPU.Build.0 = Release|Any CPU
	EndGlobalSection
	GlobalSection(SolutionProperties) = preSolution
		HideSolutionNode = FALSE
	EndGlobalSection
	GlobalSection(ExtensibilityGlobals) = postSolution
		SolutionGuid = {B126293A-C16B-40AA-807D-3A98000E26EA}
	EndGlobalSection
EndGlobal
